
Microsoft Visual Studio Solution File, Format Version 12.00
# Visual Studio 15
VisualStudioVersion = 15.0.27428.1
MinimumVisualStudioVersion = 10.0.40219.1
Project("{FAE04EC0-301F-11D3-BF4B-00C04F79EFBC}") = "WinFormsMVVM", "WinFormsMVVM.csproj", "{128FC23F-FC05-42FD-85B2-DB0F189246B0}"
EndProject
Global
	GlobalSection(SolutionConfigurationPlatforms) = preSolution
		Debug|Any CPU = Debug|Any CPU
		Release|Any CPU = Release|Any CPU
	EndGlobalSection
	GlobalSection(ProjectConfigurationPlatforms) = postSolution
		{128FC23F-FC05-42FD-85B2-DB0F189246B0}.Debug|Any CPU.ActiveCfg = Debug|Any CPU
		{128FC23F-FC05-42FD-85B2-DB0F189246B0}.Debug|Any CPU.Build.0 = Debug|Any CPU
		{128FC23F-FC05-42FD-85B2-DB0F189246B0}.Release|Any CPU.ActiveCfg = Release|Any CPU
		{128FC23F-FC05-42FD-85B2-DB0F189246B0}.Release|Any CPU.Build.0 = Release|Any CPU
	EndGlobalSection
	GlobalSection(SolutionProperties) = preSolution
		HideSolutionNode = FALSE
	EndGlobalSection
	GlobalSection(ExtensibilityGlobals) = postSolution
		SolutionGuid = {D982A354-804C-4E44-A0F2-EF7F5EF7B659}
	EndGlobalSection
EndGlobal
